
Microsoft Visual Studio Solution File, Format Version 12.00
# Visual Studio Version 18
VisualStudioVersion = 18.5.11723.231 stable
MinimumVisualStudioVersion = 10.0.40219.1
Project("{FAE04EC0-301F-11D3-BF4B-00C04F79EFBC}") = "BaridikExpress.API", "API\BaridikExpress.API.csproj", "{080CBC25-40C8-43B9-8260-1AB0360A2F73}"
EndProject
Project("{FAE04EC0-301F-11D3-BF4B-00C04F79EFBC}") = "BaridikExpress.Application", "Application\BaridikExpress.Application.csproj", "{F927FF71-BD07-40F5-BD20-68A237A8F0C3}"
EndProject
Project("{FAE04EC0-301F-11D3-BF4B-00C04F79EFBC}") = "BaridikExpress.Domain", "Domain\BaridikExpress.Domain.csproj", "{BF30703B-094E-43DE-B4D4-ACDEB3CE3BAE}"
EndProject
Project("{FAE04EC0-301F-11D3-BF4B-00C04F79EFBC}") = "BaridikExpress.Infrastructure", "Infrastructure\BaridikExpress.Infrastructure.csproj", "{8DF3C082-2F38-4D10-A2C9-049D04BDBD73}"
EndProject
Global
	GlobalSection(SolutionConfigurationPlatforms) = preSolution
		Debug|Any CPU = Debug|Any CPU
		Release|Any CPU = Release|Any CPU
	EndGlobalSection
	GlobalSection(ProjectConfigurationPlatforms) = postSolution
		{080CBC25-40C8-43B9-8260-1AB0360A2F73}.Debug|Any CPU.ActiveCfg = Debug|Any CPU
		{080CBC25-40C8-43B9-8260-1AB0360A2F73}.Debug|Any CPU.Build.0 = Debug|Any CPU
		{080CBC25-40C8-43B9-8260-1AB0360A2F73}.Release|Any CPU.ActiveCfg = Release|Any CPU
		{080CBC25-40C8-43B9-8260-1AB0360A2F73}.Release|Any CPU.Build.0 = Release|Any CPU
		{F927FF71-BD07-40F5-BD20-68A237A8F0C3}.Debug|Any CPU.ActiveCfg = Debug|Any CPU
		{F927FF71-BD07-40F5-BD20-68A237A8F0C3}.Debug|Any CPU.Build.0 = Debug|Any CPU
		{F927FF71-BD07-40F5-BD20-68A237A8F0C3}.Release|Any CPU.ActiveCfg = Release|Any CPU
		{F927FF71-BD07-40F5-BD20-68A237A8F0C3}.Release|Any CPU.Build.0 = Release|Any CPU
		{BF30703B-094E-43DE-B4D4-ACDEB3CE3BAE}.Debug|Any CPU.ActiveCfg = Debug|Any CPU
		{BF30703B-094E-43DE-B4D4-ACDEB3CE3BAE}.Debug|Any CPU.Build.0 = Debug|Any CPU
		{BF30703B-094E-43DE-B4D4-ACDEB3CE3BAE}.Release|Any CPU.ActiveCfg = Release|Any CPU
		{BF30703B-094E-43DE-B4D4-ACDEB3CE3BAE}.Release|Any CPU.Build.0 = Release|Any CPU
		{8DF3C082-2F38-4D10-A2C9-049D04BDBD73}.Debug|Any CPU.ActiveCfg = Debug|Any CPU
		{8DF3C082-2F38-4D10-A2C9-049D04BDBD73}.Debug|Any CPU.Build.0 = Debug|Any CPU
		{8DF3C082-2F38-4D10-A2C9-049D04BDBD73}.Release|Any CPU.ActiveCfg = Release|Any CPU
		{8DF3C082-2F38-4D10-A2C9-049D04BDBD73}.Release|Any CPU.Build.0 = Release|Any CPU
	EndGlobalSection
	GlobalSection(SolutionProperties) = preSolution
		HideSolutionNode = FALSE
	EndGlobalSection
	GlobalSection(ExtensibilityGlobals) = postSolution
		SolutionGuid = {E98D3D06-BB48-4B7A-8BB3-2F43453FF828}
	EndGlobalSection
EndGlobal
